
Microsoft Visual Studio Solution File, Format Version 12.00
# Visual Studio Version 17
VisualStudioVersion = 17.8.34309.116
MinimumVisualStudioVersion = 10.0.40219.1
Project("{FAE04EC0-301F-11D3-BF4B-00C04F79EFBC}") = "Zadanie8Warunki", "Zadanie8Warunki\Zadanie8Warunki.csproj", "{57A3BC65-36A9-4C9A-BC02-0BF0B850BB01}"
EndProject
Global
	GlobalSection(SolutionConfigurationPlatforms) = preSolution
		Debug|Any CPU = Debug|Any CPU
		Release|Any CPU = Release|Any CPU
	EndGlobalSection
	GlobalSection(ProjectConfigurationPlatforms) = postSolution
		{57A3BC65-36A9-4C9A-BC02-0BF0B850BB01}.Debug|Any CPU.ActiveCfg = Debug|Any CPU
		{57A3BC65-36A9-4C9A-BC02-0BF0B850BB01}.Debug|Any CPU.Build.0 = Debug|Any CPU
		{57A3BC65-36A9-4C9A-BC02-0BF0B850BB01}.Release|Any CPU.ActiveCfg = Release|Any CPU
		{57A3BC65-36A9-4C9A-BC02-0BF0B850BB01}.Release|Any CPU.Build.0 = Release|Any CPU
	EndGlobalSection
	GlobalSection(SolutionProperties) = preSolution
		HideSolutionNode = FALSE
	EndGlobalSection
	GlobalSection(ExtensibilityGlobals) = postSolution
		SolutionGuid = {602C0F2A-54A8-49AC-A5A6-780715D94B36}
	EndGlobalSection
EndGlobal
